// !$*UTF8*$!
{
	archiveVersion = 1;
	classes = {
	};
	objectVersion = 55;
	objects = {

/* Begin PBXBuildFile section */
		A613116729231B2B0002EACC /* CoffilationColor.swift in Sources */ = {isa = PBXBuildFile; fileRef = A613116629231B2B0002EACC /* CoffilationColor.swift */; };
		A61311692923ADDE0002EACC /* CoffilationImage.swift in Sources */ = {isa = PBXBuildFile; fileRef = A61311682923ADDE0002EACC /* CoffilationImage.swift */; };
		A64BB06728D68EE5002D8435 /* AppDelegate.swift in Sources */ = {isa = PBXBuildFile; fileRef = A64BB06628D68EE5002D8435 /* AppDelegate.swift */; };
		A64BB06928D68EE5002D8435 /* SceneDelegate.swift in Sources */ = {isa = PBXBuildFile; fileRef = A64BB06828D68EE5002D8435 /* SceneDelegate.swift */; };
		A64BB07028D68EE6002D8435 /* Assets.xcassets in Resources */ = {isa = PBXBuildFile; fileRef = A64BB06F28D68EE6002D8435 /* Assets.xcassets */; };
		A64BB07328D68EE6002D8435 /* LaunchScreen.storyboard in Resources */ = {isa = PBXBuildFile; fileRef = A64BB07128D68EE6002D8435 /* LaunchScreen.storyboard */; };
		A66A69AB28F386570048CA15 /* DependencyContainer.swift in Sources */ = {isa = PBXBuildFile; fileRef = A66A69AA28F386570048CA15 /* DependencyContainer.swift */; };
		A66A69AD28F3878B0048CA15 /* LoginViewController.swift in Sources */ = {isa = PBXBuildFile; fileRef = A66A69AC28F3878B0048CA15 /* LoginViewController.swift */; };
		A66A69AF28F38DBF0048CA15 /* LoginPresenter.swift in Sources */ = {isa = PBXBuildFile; fileRef = A66A69AE28F38DBF0048CA15 /* LoginPresenter.swift */; };
		A66A69B128F4B5CC0048CA15 /* AuthScreenFactory.swift in Sources */ = {isa = PBXBuildFile; fileRef = A66A69B028F4B5CC0048CA15 /* AuthScreenFactory.swift */; };
		A66A69B328F4BF690048CA15 /* AuthManager.swift in Sources */ = {isa = PBXBuildFile; fileRef = A66A69B228F4BF690048CA15 /* AuthManager.swift */; };
		A66A69B528F4C0DD0048CA15 /* AppCoordinator.swift in Sources */ = {isa = PBXBuildFile; fileRef = A66A69B428F4C0DD0048CA15 /* AppCoordinator.swift */; };
		A66A69B728F4C1170048CA15 /* Coordinator.swift in Sources */ = {isa = PBXBuildFile; fileRef = A66A69B628F4C1170048CA15 /* Coordinator.swift */; };
		A66A69B928F4C19C0048CA15 /* AuthCoordinator.swift in Sources */ = {isa = PBXBuildFile; fileRef = A66A69B828F4C19C0048CA15 /* AuthCoordinator.swift */; };
		A66A69BB28FC19590048CA15 /* RequestBuilder.swift in Sources */ = {isa = PBXBuildFile; fileRef = A66A69BA28FC19590048CA15 /* RequestBuilder.swift */; };
		A66A69BD28FC1B2F0048CA15 /* NetworkManager.swift in Sources */ = {isa = PBXBuildFile; fileRef = A66A69BC28FC1B2F0048CA15 /* NetworkManager.swift */; };
		A698A1EA2929663A00DEE788 /* UITextField+Extension.swift in Sources */ = {isa = PBXBuildFile; fileRef = A698A1E92929663A00DEE788 /* UITextField+Extension.swift */; };
		A6B58782290749590096BE78 /* TokenProvider.swift in Sources */ = {isa = PBXBuildFile; fileRef = A6B58781290749590096BE78 /* TokenProvider.swift */; };
		A6B58784290CA1E70096BE78 /* TokenManager.swift in Sources */ = {isa = PBXBuildFile; fileRef = A6B58783290CA1E70096BE78 /* TokenManager.swift */; };
		BE2BE15FDFFCF427F0FB76DB /* Pods_coffilation.framework in Frameworks */ = {isa = PBXBuildFile; fileRef = 84BFC780243477667EFD8147 /* Pods_coffilation.framework */; };
/* End PBXBuildFile section */

/* Begin PBXFileReference section */
		25BA429B37C5C84D36B1DE75 /* Pods-coffilation.debug.xcconfig */ = {isa = PBXFileReference; includeInIndex = 1; lastKnownFileType = text.xcconfig; name = "Pods-coffilation.debug.xcconfig"; path = "Target Support Files/Pods-coffilation/Pods-coffilation.debug.xcconfig"; sourceTree = "<group>"; };
		84BFC780243477667EFD8147 /* Pods_coffilation.framework */ = {isa = PBXFileReference; explicitFileType = wrapper.framework; includeInIndex = 0; path = Pods_coffilation.framework; sourceTree = BUILT_PRODUCTS_DIR; };
		9B1CA0A1B34667969CD1BED7 /* Pods-coffilation.release.xcconfig */ = {isa = PBXFileReference; includeInIndex = 1; lastKnownFileType = text.xcconfig; name = "Pods-coffilation.release.xcconfig"; path = "Target Support Files/Pods-coffilation/Pods-coffilation.release.xcconfig"; sourceTree = "<group>"; };
		A613116629231B2B0002EACC /* CoffilationColor.swift */ = {isa = PBXFileReference; lastKnownFileType = sourcecode.swift; path = CoffilationColor.swift; sourceTree = "<group>"; };
		A61311682923ADDE0002EACC /* CoffilationImage.swift */ = {isa = PBXFileReference; lastKnownFileType = sourcecode.swift; path = CoffilationImage.swift; sourceTree = "<group>"; };
		A64BB06328D68EE5002D8435 /* coffilation.app */ = {isa = PBXFileReference; explicitFileType = wrapper.application; includeInIndex = 0; path = coffilation.app; sourceTree = BUILT_PRODUCTS_DIR; };
		A64BB06628D68EE5002D8435 /* AppDelegate.swift */ = {isa = PBXFileReference; lastKnownFileType = sourcecode.swift; path = AppDelegate.swift; sourceTree = "<group>"; };
		A64BB06828D68EE5002D8435 /* SceneDelegate.swift */ = {isa = PBXFileReference; lastKnownFileType = sourcecode.swift; path = SceneDelegate.swift; sourceTree = "<group>"; };
		A64BB06F28D68EE6002D8435 /* Assets.xcassets */ = {isa = PBXFileReference; lastKnownFileType = folder.assetcatalog; path = Assets.xcassets; sourceTree = "<group>"; };
		A64BB07228D68EE6002D8435 /* Base */ = {isa = PBXFileReference; lastKnownFileType = file.storyboard; name = Base; path = Base.lproj/LaunchScreen.storyboard; sourceTree = "<group>"; };
		A64BB07428D68EE6002D8435 /* Info.plist */ = {isa = PBXFileReference; lastKnownFileType = text.plist.xml; path = Info.plist; sourceTree = "<group>"; };
		A66A69AA28F386570048CA15 /* DependencyContainer.swift */ = {isa = PBXFileReference; lastKnownFileType = sourcecode.swift; path = DependencyContainer.swift; sourceTree = "<group>"; };
		A66A69AC28F3878B0048CA15 /* LoginViewController.swift */ = {isa = PBXFileReference; lastKnownFileType = sourcecode.swift; path = LoginViewController.swift; sourceTree = "<group>"; };
		A66A69AE28F38DBF0048CA15 /* LoginPresenter.swift */ = {isa = PBXFileReference; lastKnownFileType = sourcecode.swift; path = LoginPresenter.swift; sourceTree = "<group>"; };
		A66A69B028F4B5CC0048CA15 /* AuthScreenFactory.swift */ = {isa = PBXFileReference; lastKnownFileType = sourcecode.swift; path = AuthScreenFactory.swift; sourceTree = "<group>"; };
		A66A69B228F4BF690048CA15 /* AuthManager.swift */ = {isa = PBXFileReference; lastKnownFileType = sourcecode.swift; path = AuthManager.swift; sourceTree = "<group>"; };
		A66A69B428F4C0DD0048CA15 /* AppCoordinator.swift */ = {isa = PBXFileReference; lastKnownFileType = sourcecode.swift; path = AppCoordinator.swift; sourceTree = "<group>"; };
		A66A69B628F4C1170048CA15 /* Coordinator.swift */ = {isa = PBXFileReference; lastKnownFileType = sourcecode.swift; path = Coordinator.swift; sourceTree = "<group>"; };
		A66A69B828F4C19C0048CA15 /* AuthCoordinator.swift */ = {isa = PBXFileReference; lastKnownFileType = sourcecode.swift; path = AuthCoordinator.swift; sourceTree = "<group>"; };
		A66A69BA28FC19590048CA15 /* RequestBuilder.swift */ = {isa = PBXFileReference; lastKnownFileType = sourcecode.swift; path = RequestBuilder.swift; sourceTree = "<group>"; };
		A66A69BC28FC1B2F0048CA15 /* NetworkManager.swift */ = {isa = PBXFileReference; lastKnownFileType = sourcecode.swift; path = NetworkManager.swift; sourceTree = "<group>"; };
		A698A1E92929663A00DEE788 /* UITextField+Extension.swift */ = {isa = PBXFileReference; lastKnownFileType = sourcecode.swift; path = "UITextField+Extension.swift"; sourceTree = "<group>"; };
		A6B58781290749590096BE78 /* TokenProvider.swift */ = {isa = PBXFileReference; lastKnownFileType = sourcecode.swift; path = TokenProvider.swift; sourceTree = "<group>"; };
		A6B58783290CA1E70096BE78 /* TokenManager.swift */ = {isa = PBXFileReference; lastKnownFileType = sourcecode.swift; path = TokenManager.swift; sourceTree = "<group>"; };
/* End PBXFileReference section */

/* Begin PBXFrameworksBuildPhase section */
		A64BB06028D68EE5002D8435 /* Frameworks */ = {
			isa = PBXFrameworksBuildPhase;
			buildActionMask = 2147483647;
			files = (
				BE2BE15FDFFCF427F0FB76DB /* Pods_coffilation.framework in Frameworks */,
			);
			runOnlyForDeploymentPostprocessing = 0;
		};
/* End PBXFrameworksBuildPhase section */

/* Begin PBXGroup section */
		652781AB68A1B80754565F80 /* Pods */ = {
			isa = PBXGroup;
			children = (
				25BA429B37C5C84D36B1DE75 /* Pods-coffilation.debug.xcconfig */,
				9B1CA0A1B34667969CD1BED7 /* Pods-coffilation.release.xcconfig */,
			);
			path = Pods;
			sourceTree = "<group>";
		};
		A64BB05A28D68EE5002D8435 = {
			isa = PBXGroup;
			children = (
				A64BB06528D68EE5002D8435 /* coffilation */,
				A64BB06428D68EE5002D8435 /* Products */,
				652781AB68A1B80754565F80 /* Pods */,
				CECBBE7B18392F1F96886D95 /* Frameworks */,
			);
			sourceTree = "<group>";
		};
		A64BB06428D68EE5002D8435 /* Products */ = {
			isa = PBXGroup;
			children = (
				A64BB06328D68EE5002D8435 /* coffilation.app */,
			);
			name = Products;
			sourceTree = "<group>";
		};
		A64BB06528D68EE5002D8435 /* coffilation */ = {
			isa = PBXGroup;
			children = (
				A698A1EE29296B3000DEE788 /* Services */,
				A698A1ED29296AD400DEE788 /* AuthScreen */,
				A698A1EB29296A1F00DEE788 /* Common */,
			);
			path = coffilation;
			sourceTree = "<group>";
		};
		A698A1EB29296A1F00DEE788 /* Common */ = {
			isa = PBXGroup;
			children = (
				A64BB06628D68EE5002D8435 /* AppDelegate.swift */,
				A66A69B428F4C0DD0048CA15 /* AppCoordinator.swift */,
				A66A69B628F4C1170048CA15 /* Coordinator.swift */,
				A613116629231B2B0002EACC /* CoffilationColor.swift */,
				A61311682923ADDE0002EACC /* CoffilationImage.swift */,
				A64BB06828D68EE5002D8435 /* SceneDelegate.swift */,
				A64BB06F28D68EE6002D8435 /* Assets.xcassets */,
				A64BB07128D68EE6002D8435 /* LaunchScreen.storyboard */,
				A64BB07428D68EE6002D8435 /* Info.plist */,
				A698A1EC29296A2800DEE788 /* Extensions */,
			);
			path = Common;
			sourceTree = "<group>";
		};
		A698A1EC29296A2800DEE788 /* Extensions */ = {
			isa = PBXGroup;
			children = (
				A698A1E92929663A00DEE788 /* UITextField+Extension.swift */,
			);
			path = Extensions;
			sourceTree = "<group>";
		};
		A698A1ED29296AD400DEE788 /* AuthScreen */ = {
			isa = PBXGroup;
			children = (
				A66A69B828F4C19C0048CA15 /* AuthCoordinator.swift */,
				A66A69B028F4B5CC0048CA15 /* AuthScreenFactory.swift */,
				A66A69AC28F3878B0048CA15 /* LoginViewController.swift */,
				A66A69AE28F38DBF0048CA15 /* LoginPresenter.swift */,
			);
			path = AuthScreen;
			sourceTree = "<group>";
		};
		A698A1EE29296B3000DEE788 /* Services */ = {
			isa = PBXGroup;
			children = (
				A66A69AA28F386570048CA15 /* DependencyContainer.swift */,
				A698A1F029296B8900DEE788 /* Auth */,
				A698A1EF29296B3600DEE788 /* Networking */,
			);
			path = Services;
			sourceTree = "<group>";
		};
		A698A1EF29296B3600DEE788 /* Networking */ = {
			isa = PBXGroup;
			children = (
				A66A69BC28FC1B2F0048CA15 /* NetworkManager.swift */,
				A66A69BA28FC19590048CA15 /* RequestBuilder.swift */,
			);
			path = Networking;
			sourceTree = "<group>";
		};
		A698A1F029296B8900DEE788 /* Auth */ = {
			isa = PBXGroup;
			children = (
				A66A69B228F4BF690048CA15 /* AuthManager.swift */,
				A6B58783290CA1E70096BE78 /* TokenManager.swift */,
				A6B58781290749590096BE78 /* TokenProvider.swift */,
			);
			path = Auth;
			sourceTree = "<group>";
		};
		CECBBE7B18392F1F96886D95 /* Frameworks */ = {
			isa = PBXGroup;
			children = (
				84BFC780243477667EFD8147 /* Pods_coffilation.framework */,
			);
			name = Frameworks;
			sourceTree = "<group>";
		};
/* End PBXGroup section */

/* Begin PBXNativeTarget section */
		A64BB06228D68EE5002D8435 /* coffilation */ = {
			isa = PBXNativeTarget;
			buildConfigurationList = A64BB07728D68EE6002D8435 /* Build configuration list for PBXNativeTarget "coffilation" */;
			buildPhases = (
				A6EC3B6157C1F3B145C691DC /* [CP] Check Pods Manifest.lock */,
				A64BB05F28D68EE5002D8435 /* Sources */,
				A64BB06028D68EE5002D8435 /* Frameworks */,
				A64BB06128D68EE5002D8435 /* Resources */,
				A64BB07A28D690EF002D8435 /* Run SwiftLint */,
				9D1419BF23CFDA370CD4A25A /* [CP] Embed Pods Frameworks */,
			);
			buildRules = (
			);
			dependencies = (
			);
			name = coffilation;
			productName = coffilation;
			productReference = A64BB06328D68EE5002D8435 /* coffilation.app */;
			productType = "com.apple.product-type.application";
		};
/* End PBXNativeTarget section */

/* Begin PBXProject section */
		A64BB05B28D68EE5002D8435 /* Project object */ = {
			isa = PBXProject;
			attributes = {
				BuildIndependentTargetsInParallel = 1;
				LastSwiftUpdateCheck = 1340;
				LastUpgradeCheck = 1340;
				TargetAttributes = {
					A64BB06228D68EE5002D8435 = {
						CreatedOnToolsVersion = 13.4.1;
					};
				};
			};
			buildConfigurationList = A64BB05E28D68EE5002D8435 /* Build configuration list for PBXProject "coffilation" */;
			compatibilityVersion = "Xcode 13.0";
			developmentRegion = en;
			hasScannedForEncodings = 0;
			knownRegions = (
				en,
				Base,
			);
			mainGroup = A64BB05A28D68EE5002D8435;
			productRefGroup = A64BB06428D68EE5002D8435 /* Products */;
			projectDirPath = "";
			projectRoot = "";
			targets = (
				A64BB06228D68EE5002D8435 /* coffilation */,
			);
		};
/* End PBXProject section */

/* Begin PBXResourcesBuildPhase section */
		A64BB06128D68EE5002D8435 /* Resources */ = {
			isa = PBXResourcesBuildPhase;
			buildActionMask = 2147483647;
			files = (
				A64BB07328D68EE6002D8435 /* LaunchScreen.storyboard in Resources */,
				A64BB07028D68EE6002D8435 /* Assets.xcassets in Resources */,
			);
			runOnlyForDeploymentPostprocessing = 0;
		};
/* End PBXResourcesBuildPhase section */

/* Begin PBXShellScriptBuildPhase section */
		9D1419BF23CFDA370CD4A25A /* [CP] Embed Pods Frameworks */ = {
			isa = PBXShellScriptBuildPhase;
			buildActionMask = 2147483647;
			files = (
			);
			inputFileListPaths = (
				"${PODS_ROOT}/Target Support Files/Pods-coffilation/Pods-coffilation-frameworks-${CONFIGURATION}-input-files.xcfilelist",
			);
			name = "[CP] Embed Pods Frameworks";
			outputFileListPaths = (
				"${PODS_ROOT}/Target Support Files/Pods-coffilation/Pods-coffilation-frameworks-${CONFIGURATION}-output-files.xcfilelist",
			);
			runOnlyForDeploymentPostprocessing = 0;
			shellPath = /bin/sh;
			shellScript = "\"${PODS_ROOT}/Target Support Files/Pods-coffilation/Pods-coffilation-frameworks.sh\"\n";
			showEnvVarsInLog = 0;
		};
		A64BB07A28D690EF002D8435 /* Run SwiftLint */ = {
			isa = PBXShellScriptBuildPhase;
			alwaysOutOfDate = 1;
			buildActionMask = 2147483647;
			files = (
			);
			inputFileListPaths = (
			);
			inputPaths = (
			);
			name = "Run SwiftLint";
			outputFileListPaths = (
			);
			outputPaths = (
			);
			runOnlyForDeploymentPostprocessing = 0;
			shellPath = /bin/sh;
			shellScript = "if test -d \"/opt/homebrew/bin/\"; then\n  PATH=\"/opt/homebrew/bin/:${PATH}\"\nfi\n\nexport PATH\n\nif which swiftlint > /dev/null; then\n\tgit status --porcelain | grep -v '^ \\?D' | cut -c 4- | sed 's/.* -> //' | tr -d '\"' | while read file \n\tdo\n\t\tif [[ \"$file\" == *.swift ]]; then\n\t\tswiftlint \"$file\"\n\tfi\ndone\nelse\n  echo \"warning: SwiftLint not installed, download from https://github.com/realm/SwiftLint\"\nfi\n";
		};
		A6EC3B6157C1F3B145C691DC /* [CP] Check Pods Manifest.lock */ = {
			isa = PBXShellScriptBuildPhase;
			buildActionMask = 2147483647;
			files = (
			);
			inputFileListPaths = (
			);
			inputPaths = (
				"${PODS_PODFILE_DIR_PATH}/Podfile.lock",
				"${PODS_ROOT}/Manifest.lock",
			);
			name = "[CP] Check Pods Manifest.lock";
			outputFileListPaths = (
			);
			outputPaths = (
				"$(DERIVED_FILE_DIR)/Pods-coffilation-checkManifestLockResult.txt",
			);
			runOnlyForDeploymentPostprocessing = 0;
			shellPath = /bin/sh;
			shellScript = "diff \"${PODS_PODFILE_DIR_PATH}/Podfile.lock\" \"${PODS_ROOT}/Manifest.lock\" > /dev/null\nif [ $? != 0 ] ; then\n    # print error to STDERR\n    echo \"error: The sandbox is not in sync with the Podfile.lock. Run 'pod install' or update your CocoaPods installation.\" >&2\n    exit 1\nfi\n# This output is used by Xcode 'outputs' to avoid re-running this script phase.\necho \"SUCCESS\" > \"${SCRIPT_OUTPUT_FILE_0}\"\n";
			showEnvVarsInLog = 0;
		};
/* End PBXShellScriptBuildPhase section */

/* Begin PBXSourcesBuildPhase section */
		A64BB05F28D68EE5002D8435 /* Sources */ = {
			isa = PBXSourcesBuildPhase;
			buildActionMask = 2147483647;
			files = (
				A66A69BD28FC1B2F0048CA15 /* NetworkManager.swift in Sources */,
				A6B58782290749590096BE78 /* TokenProvider.swift in Sources */,
				A66A69AB28F386570048CA15 /* DependencyContainer.swift in Sources */,
				A66A69B328F4BF690048CA15 /* AuthManager.swift in Sources */,
				A66A69B728F4C1170048CA15 /* Coordinator.swift in Sources */,
				A613116729231B2B0002EACC /* CoffilationColor.swift in Sources */,
				A61311692923ADDE0002EACC /* CoffilationImage.swift in Sources */,
				A66A69AD28F3878B0048CA15 /* LoginViewController.swift in Sources */,
				A66A69B128F4B5CC0048CA15 /* AuthScreenFactory.swift in Sources */,
				A66A69B928F4C19C0048CA15 /* AuthCoordinator.swift in Sources */,
				A64BB06728D68EE5002D8435 /* AppDelegate.swift in Sources */,
				A66A69BB28FC19590048CA15 /* RequestBuilder.swift in Sources */,
				A66A69B528F4C0DD0048CA15 /* AppCoordinator.swift in Sources */,
				A66A69AF28F38DBF0048CA15 /* LoginPresenter.swift in Sources */,
				A64BB06928D68EE5002D8435 /* SceneDelegate.swift in Sources */,
				A6B58784290CA1E70096BE78 /* TokenManager.swift in Sources */,
				A698A1EA2929663A00DEE788 /* UITextField+Extension.swift in Sources */,
			);
			runOnlyForDeploymentPostprocessing = 0;
		};
/* End PBXSourcesBuildPhase section */

/* Begin PBXVariantGroup section */
		A64BB07128D68EE6002D8435 /* LaunchScreen.storyboard */ = {
			isa = PBXVariantGroup;
			children = (
				A64BB07228D68EE6002D8435 /* Base */,
			);
			name = LaunchScreen.storyboard;
			sourceTree = "<group>";
		};
/* End PBXVariantGroup section */

/* Begin XCBuildConfiguration section */
		A64BB07528D68EE6002D8435 /* Debug */ = {
			isa = XCBuildConfiguration;
			buildSettings = {
				ALWAYS_SEARCH_USER_PATHS = NO;
				CLANG_ANALYZER_NONNULL = YES;
				CLANG_ANALYZER_NUMBER_OBJECT_CONVERSION = YES_AGGRESSIVE;
				CLANG_CXX_LANGUAGE_STANDARD = "gnu++17";
				CLANG_ENABLE_MODULES = YES;
				CLANG_ENABLE_OBJC_ARC = YES;
				CLANG_ENABLE_OBJC_WEAK = YES;
				CLANG_WARN_BLOCK_CAPTURE_AUTORELEASING = YES;
				CLANG_WARN_BOOL_CONVERSION = YES;
				CLANG_WARN_COMMA = YES;
				CLANG_WARN_CONSTANT_CONVERSION = YES;
				CLANG_WARN_DEPRECATED_OBJC_IMPLEMENTATIONS = YES;
				CLANG_WARN_DIRECT_OBJC_ISA_USAGE = YES_ERROR;
				CLANG_WARN_DOCUMENTATION_COMMENTS = YES;
				CLANG_WARN_EMPTY_BODY = YES;
				CLANG_WARN_ENUM_CONVERSION = YES;
				CLANG_WARN_INFINITE_RECURSION = YES;
				CLANG_WARN_INT_CONVERSION = YES;
				CLANG_WARN_NON_LITERAL_NULL_CONVERSION = YES;
				CLANG_WARN_OBJC_IMPLICIT_RETAIN_SELF = YES;
				CLANG_WARN_OBJC_LITERAL_CONVERSION = YES;
				CLANG_WARN_OBJC_ROOT_CLASS = YES_ERROR;
				CLANG_WARN_QUOTED_INCLUDE_IN_FRAMEWORK_HEADER = YES;
				CLANG_WARN_RANGE_LOOP_ANALYSIS = YES;
				CLANG_WARN_STRICT_PROTOTYPES = YES;
				CLANG_WARN_SUSPICIOUS_MOVE = YES;
				CLANG_WARN_UNGUARDED_AVAILABILITY = YES_AGGRESSIVE;
				CLANG_WARN_UNREACHABLE_CODE = YES;
				CLANG_WARN__DUPLICATE_METHOD_MATCH = YES;
				COPY_PHASE_STRIP = NO;
				DEBUG_INFORMATION_FORMAT = dwarf;
				ENABLE_STRICT_OBJC_MSGSEND = YES;
				ENABLE_TESTABILITY = YES;
				GCC_C_LANGUAGE_STANDARD = gnu11;
				GCC_DYNAMIC_NO_PIC = NO;
				GCC_NO_COMMON_BLOCKS = YES;
				GCC_OPTIMIZATION_LEVEL = 0;
				GCC_PREPROCESSOR_DEFINITIONS = (
					"DEBUG=1",
					"$(inherited)",
				);
				GCC_WARN_64_TO_32_BIT_CONVERSION = YES;
				GCC_WARN_ABOUT_RETURN_TYPE = YES_ERROR;
				GCC_WARN_UNDECLARED_SELECTOR = YES;
				GCC_WARN_UNINITIALIZED_AUTOS = YES_AGGRESSIVE;
				GCC_WARN_UNUSED_FUNCTION = YES;
				GCC_WARN_UNUSED_VARIABLE = YES;
				IPHONEOS_DEPLOYMENT_TARGET = 15.5;
				MTL_ENABLE_DEBUG_INFO = INCLUDE_SOURCE;
				MTL_FAST_MATH = YES;
				ONLY_ACTIVE_ARCH = YES;
				SDKROOT = iphoneos;
				SWIFT_ACTIVE_COMPILATION_CONDITIONS = DEBUG;
				SWIFT_OPTIMIZATION_LEVEL = "-Onone";
			};
			name = Debug;
		};
		A64BB07628D68EE6002D8435 /* Release */ = {
			isa = XCBuildConfiguration;
			buildSettings = {
				ALWAYS_SEARCH_USER_PATHS = NO;
				CLANG_ANALYZER_NONNULL = YES;
				CLANG_ANALYZER_NUMBER_OBJECT_CONVERSION = YES_AGGRESSIVE;
				CLANG_CXX_LANGUAGE_STANDARD = "gnu++17";
				CLANG_ENABLE_MODULES = YES;
				CLANG_ENABLE_OBJC_ARC = YES;
				CLANG_ENABLE_OBJC_WEAK = YES;
				CLANG_WARN_BLOCK_CAPTURE_AUTORELEASING = YES;
				CLANG_WARN_BOOL_CONVERSION = YES;
				CLANG_WARN_COMMA = YES;
				CLANG_WARN_CONSTANT_CONVERSION = YES;
				CLANG_WARN_DEPRECATED_OBJC_IMPLEMENTATIONS = YES;
				CLANG_WARN_DIRECT_OBJC_ISA_USAGE = YES_ERROR;
				CLANG_WARN_DOCUMENTATION_COMMENTS = YES;
				CLANG_WARN_EMPTY_BODY = YES;
				CLANG_WARN_ENUM_CONVERSION = YES;
				CLANG_WARN_INFINITE_RECURSION = YES;
				CLANG_WARN_INT_CONVERSION = YES;
				CLANG_WARN_NON_LITERAL_NULL_CONVERSION = YES;
				CLANG_WARN_OBJC_IMPLICIT_RETAIN_SELF = YES;
				CLANG_WARN_OBJC_LITERAL_CONVERSION = YES;
				CLANG_WARN_OBJC_ROOT_CLASS = YES_ERROR;
				CLANG_WARN_QUOTED_INCLUDE_IN_FRAMEWORK_HEADER = YES;
				CLANG_WARN_RANGE_LOOP_ANALYSIS = YES;
				CLANG_WARN_STRICT_PROTOTYPES = YES;
				CLANG_WARN_SUSPICIOUS_MOVE = YES;
				CLANG_WARN_UNGUARDED_AVAILABILITY = YES_AGGRESSIVE;
				CLANG_WARN_UNREACHABLE_CODE = YES;
				CLANG_WARN__DUPLICATE_METHOD_MATCH = YES;
				COPY_PHASE_STRIP = NO;
				DEBUG_INFORMATION_FORMAT = "dwarf-with-dsym";
				ENABLE_NS_ASSERTIONS = NO;
				ENABLE_STRICT_OBJC_MSGSEND = YES;
				GCC_C_LANGUAGE_STANDARD = gnu11;
				GCC_NO_COMMON_BLOCKS = YES;
				GCC_WARN_64_TO_32_BIT_CONVERSION = YES;
				GCC_WARN_ABOUT_RETURN_TYPE = YES_ERROR;
				GCC_WARN_UNDECLARED_SELECTOR = YES;
				GCC_WARN_UNINITIALIZED_AUTOS = YES_AGGRESSIVE;
				GCC_WARN_UNUSED_FUNCTION = YES;
				GCC_WARN_UNUSED_VARIABLE = YES;
				IPHONEOS_DEPLOYMENT_TARGET = 15.5;
				MTL_ENABLE_DEBUG_INFO = NO;
				MTL_FAST_MATH = YES;
				SDKROOT = iphoneos;
				SWIFT_COMPILATION_MODE = wholemodule;
				SWIFT_OPTIMIZATION_LEVEL = "-O";
				VALIDATE_PRODUCT = YES;
			};
			name = Release;
		};
		A64BB07828D68EE6002D8435 /* Debug */ = {
			isa = XCBuildConfiguration;
			baseConfigurationReference = 25BA429B37C5C84D36B1DE75 /* Pods-coffilation.debug.xcconfig */;
			buildSettings = {
				ASSETCATALOG_COMPILER_APPICON_NAME = AppIcon;
				ASSETCATALOG_COMPILER_GLOBAL_ACCENT_COLOR_NAME = AccentColor;
				CODE_SIGN_STYLE = Automatic;
				CURRENT_PROJECT_VERSION = 1;
				DEVELOPMENT_TEAM = 9N36M22CA6;
				GENERATE_INFOPLIST_FILE = YES;
				INFOPLIST_FILE = coffilation/Common/Info.plist;
				INFOPLIST_KEY_UIApplicationSupportsIndirectInputEvents = YES;
				INFOPLIST_KEY_UILaunchStoryboardName = LaunchScreen;
				INFOPLIST_KEY_UISupportedInterfaceOrientations = UIInterfaceOrientationPortrait;
				INFOPLIST_KEY_UISupportedInterfaceOrientations_iPad = "UIInterfaceOrientationLandscapeLeft UIInterfaceOrientationLandscapeRight UIInterfaceOrientationPortrait UIInterfaceOrientationPortraitUpsideDown";
				IPHONEOS_DEPLOYMENT_TARGET = 15.0;
				LD_RUNPATH_SEARCH_PATHS = (
					"$(inherited)",
					"@executable_path/Frameworks",
				);
				MARKETING_VERSION = 1.0;
				PRODUCT_BUNDLE_IDENTIFIER = com.matvei.bme.coffilation;
				PRODUCT_NAME = "$(TARGET_NAME)";
				SWIFT_EMIT_LOC_STRINGS = YES;
				SWIFT_VERSION = 5.0;
				TARGETED_DEVICE_FAMILY = 1;
			};
			name = Debug;
		};
		A64BB07928D68EE6002D8435 /* Release */ = {
			isa = XCBuildConfiguration;
			baseConfigurationReference = 9B1CA0A1B34667969CD1BED7 /* Pods-coffilation.release.xcconfig */;
			buildSettings = {
				ASSETCATALOG_COMPILER_APPICON_NAME = AppIcon;
				ASSETCATALOG_COMPILER_GLOBAL_ACCENT_COLOR_NAME = AccentColor;
				CODE_SIGN_STYLE = Automatic;
				CURRENT_PROJECT_VERSION = 1;
				DEVELOPMENT_TEAM = 9N36M22CA6;
				GENERATE_INFOPLIST_FILE = YES;
				INFOPLIST_FILE = coffilation/Common/Info.plist;
				INFOPLIST_KEY_UIApplicationSupportsIndirectInputEvents = YES;
				INFOPLIST_KEY_UILaunchStoryboardName = LaunchScreen;
				INFOPLIST_KEY_UISupportedInterfaceOrientations = UIInterfaceOrientationPortrait;
				INFOPLIST_KEY_UISupportedInterfaceOrientations_iPad = "UIInterfaceOrientationLandscapeLeft UIInterfaceOrientationLandscapeRight UIInterfaceOrientationPortrait UIInterfaceOrientationPortraitUpsideDown";
				IPHONEOS_DEPLOYMENT_TARGET = 15.0;
				LD_RUNPATH_SEARCH_PATHS = (
					"$(inherited)",
					"@executable_path/Frameworks",
				);
				MARKETING_VERSION = 1.0;
				PRODUCT_BUNDLE_IDENTIFIER = com.matvei.bme.coffilation;
				PRODUCT_NAME = "$(TARGET_NAME)";
				SWIFT_EMIT_LOC_STRINGS = YES;
				SWIFT_VERSION = 5.0;
				TARGETED_DEVICE_FAMILY = 1;
			};
			name = Release;
		};
/* End XCBuildConfiguration section */

/* Begin XCConfigurationList section */
		A64BB05E28D68EE5002D8435 /* Build configuration list for PBXProject "coffilation" */ = {
			isa = XCConfigurationList;
			buildConfigurations = (
				A64BB07528D68EE6002D8435 /* Debug */,
				A64BB07628D68EE6002D8435 /* Release */,
			);
			defaultConfigurationIsVisible = 0;
			defaultConfigurationName = Release;
		};
		A64BB07728D68EE6002D8435 /* Build configuration list for PBXNativeTarget "coffilation" */ = {
			isa = XCConfigurationList;
			buildConfigurations = (
				A64BB07828D68EE6002D8435 /* Debug */,
				A64BB07928D68EE6002D8435 /* Release */,
			);
			defaultConfigurationIsVisible = 0;
			defaultConfigurationName = Release;
		};
/* End XCConfigurationList section */
	};
	rootObject = A64BB05B28D68EE5002D8435 /* Project object */;
}
